
Microsoft Visual Studio Solution File, Format Version 12.00
# Visual Studio Version 17
VisualStudioVersion = 17.7.34031.279
MinimumVisualStudioVersion = 10.0.40219.1
Project("{9A19103F-16F7-4668-BE54-9A1E7A4F7556}") = "Demo.PL", "Demo.PL\Demo.PL.csproj", "{ADBA6C6C-4521-4E17-A224-CA8C41C0EE15}"
EndProject
Project("{FAE04EC0-301F-11D3-BF4B-00C04F79EFBC}") = "Demo.DAL", "Demo.DAL\Demo.DAL.csproj", "{A8037588-4608-4F0A-9FEF-5257D215268B}"
EndProject
Project("{FAE04EC0-301F-11D3-BF4B-00C04F79EFBC}") = "Demo.BLL", "Demo.BLL\Demo.BLL.csproj", "{F429EB11-14C4-44AB-B92D-A83B114004B2}"
EndProject
Global
	GlobalSection(SolutionConfigurationPlatforms) = preSolution
		Debug|Any CPU = Debug|Any CPU
		Release|Any CPU = Release|Any CPU
	EndGlobalSection
	GlobalSection(ProjectConfigurationPlatforms) = postSolution
		{ADBA6C6C-4521-4E17-A224-CA8C41C0EE15}.Debug|Any CPU.ActiveCfg = Debug|Any CPU
		{ADBA6C6C-4521-4E17-A224-CA8C41C0EE15}.Debug|Any CPU.Build.0 = Debug|Any CPU
		{ADBA6C6C-4521-4E17-A224-CA8C41C0EE15}.Release|Any CPU.ActiveCfg = Release|Any CPU
		{ADBA6C6C-4521-4E17-A224-CA8C41C0EE15}.Release|Any CPU.Build.0 = Release|Any CPU
		{A8037588-4608-4F0A-9FEF-5257D215268B}.Debug|Any CPU.ActiveCfg = Debug|Any CPU
		{A8037588-4608-4F0A-9FEF-5257D215268B}.Debug|Any CPU.Build.0 = Debug|Any CPU
		{A8037588-4608-4F0A-9FEF-5257D215268B}.Release|Any CPU.ActiveCfg = Release|Any CPU
		{A8037588-4608-4F0A-9FEF-5257D215268B}.Release|Any CPU.Build.0 = Release|Any CPU
		{F429EB11-14C4-44AB-B92D-A83B114004B2}.Debug|Any CPU.ActiveCfg = Debug|Any CPU
		{F429EB11-14C4-44AB-B92D-A83B114004B2}.Debug|Any CPU.Build.0 = Debug|Any CPU
		{F429EB11-14C4-44AB-B92D-A83B114004B2}.Release|Any CPU.ActiveCfg = Release|Any CPU
		{F429EB11-14C4-44AB-B92D-A83B114004B2}.Release|Any CPU.Build.0 = Release|Any CPU
	EndGlobalSection
	GlobalSection(SolutionProperties) = preSolution
		HideSolutionNode = FALSE
	EndGlobalSection
	GlobalSection(ExtensibilityGlobals) = postSolution
		SolutionGuid = {68B2EE26-3A34-4450-81A0-2612BD929726}
	EndGlobalSection
EndGlobal
